
Microsoft Visual Studio Solution File, Format Version 12.00
# Visual Studio Version 17
VisualStudioVersion = 17.4.33205.214
MinimumVisualStudioVersion = 10.0.40219.1
Project("{FAE04EC0-301F-11D3-BF4B-00C04F79EFBC}") = "FaceRecognizer", "FaceRecognizer.csproj", "{E87376FE-9E50-4D9E-9877-4F121533AC23}"
EndProject
Global
	GlobalSection(SolutionConfigurationPlatforms) = preSolution
		Debug|Any CPU = Debug|Any CPU
		Debug|x64 = Debug|x64
		Release|Any CPU = Release|Any CPU
		Release|x64 = Release|x64
	EndGlobalSection
	GlobalSection(ProjectConfigurationPlatforms) = postSolution
		{E87376FE-9E50-4D9E-9877-4F121533AC23}.Debug|Any CPU.ActiveCfg = Debug|Any CPU
		{E87376FE-9E50-4D9E-9877-4F121533AC23}.Debug|Any CPU.Build.0 = Debug|Any CPU
		{E87376FE-9E50-4D9E-9877-4F121533AC23}.Debug|x64.ActiveCfg = Debug|Any CPU
		{E87376FE-9E50-4D9E-9877-4F121533AC23}.Debug|x64.Build.0 = Debug|Any CPU
		{E87376FE-9E50-4D9E-9877-4F121533AC23}.Release|Any CPU.ActiveCfg = Release|Any CPU
		{E87376FE-9E50-4D9E-9877-4F121533AC23}.Release|Any CPU.Build.0 = Release|Any CPU
		{E87376FE-9E50-4D9E-9877-4F121533AC23}.Release|x64.ActiveCfg = Release|Any CPU
		{E87376FE-9E50-4D9E-9877-4F121533AC23}.Release|x64.Build.0 = Release|Any CPU
	EndGlobalSection
	GlobalSection(SolutionProperties) = preSolution
		HideSolutionNode = FALSE
	EndGlobalSection
	GlobalSection(ExtensibilityGlobals) = postSolution
		SolutionGuid = {6CDEC6DE-22F9-404C-8B9C-715E6B3D0183}
	EndGlobalSection
EndGlobal
